
Microsoft Visual Studio Solution File, Format Version 12.00
# Visual Studio 15
VisualStudioVersion = 15.0.28307.645
MinimumVisualStudioVersion = 10.0.40219.1
Project("{FAE04EC0-301F-11D3-BF4B-00C04F79EFBC}") = "EPickingService.Android", "EPickingService\EPickingService.Android\EPickingService.Android.csproj", "{386FC1CC-E3FE-4C63-9279-8746493F8D5D}"
EndProject
Project("{FAE04EC0-301F-11D3-BF4B-00C04F79EFBC}") = "EPickingService.iOS", "EPickingService\EPickingService.iOS\EPickingService.iOS.csproj", "{547200BE-E257-4AAD-8A5F-D05D2C8FF052}"
EndProject
Project("{9A19103F-16F7-4668-BE54-9A1E7A4F7556}") = "EPickingService", "EPickingService\EPickingService\EPickingService.csproj", "{9F53EFB3-1BCD-45CB-87B5-E3AFE5BF99B6}"
EndProject
Global
	GlobalSection(SolutionConfigurationPlatforms) = preSolution
		Ad-Hoc|Any CPU = Ad-Hoc|Any CPU
		Ad-Hoc|iPhone = Ad-Hoc|iPhone
		Ad-Hoc|iPhoneSimulator = Ad-Hoc|iPhoneSimulator
		AppStore|Any CPU = AppStore|Any CPU
		AppStore|iPhone = AppStore|iPhone
		AppStore|iPhoneSimulator = AppStore|iPhoneSimulator
		Debug|Any CPU = Debug|Any CPU
		Debug|iPhone = Debug|iPhone
		Debug|iPhoneSimulator = Debug|iPhoneSimulator
		Release|Any CPU = Release|Any CPU
		Release|iPhone = Release|iPhone
		Release|iPhoneSimulator = Release|iPhoneSimulator
	EndGlobalSection
	GlobalSection(ProjectConfigurationPlatforms) = postSolution
		{386FC1CC-E3FE-4C63-9279-8746493F8D5D}.Ad-Hoc|Any CPU.ActiveCfg = Release|Any CPU
		{386FC1CC-E3FE-4C63-9279-8746493F8D5D}.Ad-Hoc|Any CPU.Build.0 = Release|Any CPU
		{386FC1CC-E3FE-4C63-9279-8746493F8D5D}.Ad-Hoc|Any CPU.Deploy.0 = Release|Any CPU
		{386FC1CC-E3FE-4C63-9279-8746493F8D5D}.Ad-Hoc|iPhone.ActiveCfg = Release|Any CPU
		{386FC1CC-E3FE-4C63-9279-8746493F8D5D}.Ad-Hoc|iPhone.Build.0 = Release|Any CPU
		{386FC1CC-E3FE-4C63-9279-8746493F8D5D}.Ad-Hoc|iPhone.Deploy.0 = Release|Any CPU
		{386FC1CC-E3FE-4C63-9279-8746493F8D5D}.Ad-Hoc|iPhoneSimulator.ActiveCfg = Release|Any CPU
		{386FC1CC-E3FE-4C63-9279-8746493F8D5D}.Ad-Hoc|iPhoneSimulator.Build.0 = Release|Any CPU
		{386FC1CC-E3FE-4C63-9279-8746493F8D5D}.Ad-Hoc|iPhoneSimulator.Deploy.0 = Release|Any CPU
		{386FC1CC-E3FE-4C63-9279-8746493F8D5D}.AppStore|Any CPU.ActiveCfg = Release|Any CPU
		{386FC1CC-E3FE-4C63-9279-8746493F8D5D}.AppStore|Any CPU.Build.0 = Release|Any CPU
		{386FC1CC-E3FE-4C63-9279-8746493F8D5D}.AppStore|Any CPU.Deploy.0 = Release|Any CPU
		{386FC1CC-E3FE-4C63-9279-8746493F8D5D}.AppStore|iPhone.ActiveCfg = Release|Any CPU
		{386FC1CC-E3FE-4C63-9279-8746493F8D5D}.AppStore|iPhone.Build.0 = Release|Any CPU
		{386FC1CC-E3FE-4C63-9279-8746493F8D5D}.AppStore|iPhone.Deploy.0 = Release|Any CPU
		{386FC1CC-E3FE-4C63-9279-8746493F8D5D}.AppStore|iPhoneSimulator.ActiveCfg = Release|Any CPU
		{386FC1CC-E3FE-4C63-9279-8746493F8D5D}.AppStore|iPhoneSimulator.Build.0 = Release|Any CPU
		{386FC1CC-E3FE-4C63-9279-8746493F8D5D}.AppStore|iPhoneSimulator.Deploy.0 = Release|Any CPU
		{386FC1CC-E3FE-4C63-9279-8746493F8D5D}.Debug|Any CPU.ActiveCfg = Debug|Any CPU
		{386FC1CC-E3FE-4C63-9279-8746493F8D5D}.Debug|Any CPU.Build.0 = Debug|Any CPU
		{386FC1CC-E3FE-4C63-9279-8746493F8D5D}.Debug|Any CPU.Deploy.0 = Debug|Any CPU
		{386FC1CC-E3FE-4C63-9279-8746493F8D5D}.Debug|iPhone.ActiveCfg = Debug|Any CPU
		{386FC1CC-E3FE-4C63-9279-8746493F8D5D}.Debug|iPhone.Build.0 = Debug|Any CPU
		{386FC1CC-E3FE-4C63-9279-8746493F8D5D}.Debug|iPhone.Deploy.0 = Debug|Any CPU
		{386FC1CC-E3FE-4C63-9279-8746493F8D5D}.Debug|iPhoneSimulator.ActiveCfg = Debug|Any CPU
		{386FC1CC-E3FE-4C63-9279-8746493F8D5D}.Debug|iPhoneSimulator.Build.0 = Debug|Any CPU
		{386FC1CC-E3FE-4C63-9279-8746493F8D5D}.Debug|iPhoneSimulator.Deploy.0 = Debug|Any CPU
		{386FC1CC-E3FE-4C63-9279-8746493F8D5D}.Release|Any CPU.ActiveCfg = Release|Any CPU
		{386FC1CC-E3FE-4C63-9279-8746493F8D5D}.Release|Any CPU.Build.0 = Release|Any CPU
		{386FC1CC-E3FE-4C63-9279-8746493F8D5D}.Release|Any CPU.Deploy.0 = Release|Any CPU
		{386FC1CC-E3FE-4C63-9279-8746493F8D5D}.Release|iPhone.ActiveCfg = Release|Any CPU
		{386FC1CC-E3FE-4C63-9279-8746493F8D5D}.Release|iPhone.Build.0 = Release|Any CPU
		{386FC1CC-E3FE-4C63-9279-8746493F8D5D}.Release|iPhone.Deploy.0 = Release|Any CPU
		{386FC1CC-E3FE-4C63-9279-8746493F8D5D}.Release|iPhoneSimulator.ActiveCfg = Release|Any CPU
		{386FC1CC-E3FE-4C63-9279-8746493F8D5D}.Release|iPhoneSimulator.Build.0 = Release|Any CPU
		{386FC1CC-E3FE-4C63-9279-8746493F8D5D}.Release|iPhoneSimulator.Deploy.0 = Release|Any CPU
		{547200BE-E257-4AAD-8A5F-D05D2C8FF052}.Ad-Hoc|Any CPU.ActiveCfg = Ad-Hoc|iPhone
		{547200BE-E257-4AAD-8A5F-D05D2C8FF052}.Ad-Hoc|Any CPU.Build.0 = Ad-Hoc|iPhone
		{547200BE-E257-4AAD-8A5F-D05D2C8FF052}.Ad-Hoc|Any CPU.Deploy.0 = Ad-Hoc|iPhone
		{547200BE-E257-4AAD-8A5F-D05D2C8FF052}.Ad-Hoc|iPhone.ActiveCfg = Ad-Hoc|iPhone
		{547200BE-E257-4AAD-8A5F-D05D2C8FF052}.Ad-Hoc|iPhone.Build.0 = Ad-Hoc|iPhone
		{547200BE-E257-4AAD-8A5F-D05D2C8FF052}.Ad-Hoc|iPhone.Deploy.0 = Ad-Hoc|iPhone
		{547200BE-E257-4AAD-8A5F-D05D2C8FF052}.Ad-Hoc|iPhoneSimulator.ActiveCfg = Ad-Hoc|iPhoneSimulator
		{547200BE-E257-4AAD-8A5F-D05D2C8FF052}.Ad-Hoc|iPhoneSimulator.Build.0 = Ad-Hoc|iPhoneSimulator
		{547200BE-E257-4AAD-8A5F-D05D2C8FF052}.Ad-Hoc|iPhoneSimulator.Deploy.0 = Ad-Hoc|iPhoneSimulator
		{547200BE-E257-4AAD-8A5F-D05D2C8FF052}.AppStore|Any CPU.ActiveCfg = AppStore|iPhone
		{547200BE-E257-4AAD-8A5F-D05D2C8FF052}.AppStore|Any CPU.Build.0 = AppStore|iPhone
		{547200BE-E257-4AAD-8A5F-D05D2C8FF052}.AppStore|Any CPU.Deploy.0 = AppStore|iPhone
		{547200BE-E257-4AAD-8A5F-D05D2C8FF052}.AppStore|iPhone.ActiveCfg = AppStore|iPhone
		{547200BE-E257-4AAD-8A5F-D05D2C8FF052}.AppStore|iPhone.Build.0 = AppStore|iPhone
		{547200BE-E257-4AAD-8A5F-D05D2C8FF052}.AppStore|iPhone.Deploy.0 = AppStore|iPhone
		{547200BE-E257-4AAD-8A5F-D05D2C8FF052}.AppStore|iPhoneSimulator.ActiveCfg = AppStore|iPhoneSimulator
		{547200BE-E257-4AAD-8A5F-D05D2C8FF052}.AppStore|iPhoneSimulator.Build.0 = AppStore|iPhoneSimulator
		{547200BE-E257-4AAD-8A5F-D05D2C8FF052}.AppStore|iPhoneSimulator.Deploy.0 = AppStore|iPhoneSimulator
		{547200BE-E257-4AAD-8A5F-D05D2C8FF052}.Debug|Any CPU.ActiveCfg = Debug|iPhoneSimulator
		{547200BE-E257-4AAD-8A5F-D05D2C8FF052}.Debug|Any CPU.Build.0 = Debug|iPhoneSimulator
		{547200BE-E257-4AAD-8A5F-D05D2C8FF052}.Debug|Any CPU.Deploy.0 = Debug|iPhoneSimulator
		{547200BE-E257-4AAD-8A5F-D05D2C8FF052}.Debug|iPhone.ActiveCfg = Debug|iPhone
		{547200BE-E257-4AAD-8A5F-D05D2C8FF052}.Debug|iPhone.Build.0 = Debug|iPhone
		{547200BE-E257-4AAD-8A5F-D05D2C8FF052}.Debug|iPhone.Deploy.0 = Debug|iPhone
		{547200BE-E257-4AAD-8A5F-D05D2C8FF052}.Debug|iPhoneSimulator.ActiveCfg = Debug|iPhoneSimulator
		{547200BE-E257-4AAD-8A5F-D05D2C8FF052}.Debug|iPhoneSimulator.Build.0 = Debug|iPhoneSimulator
		{547200BE-E257-4AAD-8A5F-D05D2C8FF052}.Debug|iPhoneSimulator.Deploy.0 = Debug|iPhoneSimulator
		{547200BE-E257-4AAD-8A5F-D05D2C8FF052}.Release|Any CPU.ActiveCfg = Release|iPhone
		{547200BE-E257-4AAD-8A5F-D05D2C8FF052}.Release|Any CPU.Build.0 = Release|iPhone
		{547200BE-E257-4AAD-8A5F-D05D2C8FF052}.Release|Any CPU.Deploy.0 = Release|iPhone
		{547200BE-E257-4AAD-8A5F-D05D2C8FF052}.Release|iPhone.ActiveCfg = Release|iPhone
		{547200BE-E257-4AAD-8A5F-D05D2C8FF052}.Release|iPhone.Build.0 = Release|iPhone
		{547200BE-E257-4AAD-8A5F-D05D2C8FF052}.Release|iPhone.Deploy.0 = Release|iPhone
		{547200BE-E257-4AAD-8A5F-D05D2C8FF052}.Release|iPhoneSimulator.ActiveCfg = Release|iPhoneSimulator
		{547200BE-E257-4AAD-8A5F-D05D2C8FF052}.Release|iPhoneSimulator.Build.0 = Release|iPhoneSimulator
		{547200BE-E257-4AAD-8A5F-D05D2C8FF052}.Release|iPhoneSimulator.Deploy.0 = Release|iPhoneSimulator
		{9F53EFB3-1BCD-45CB-87B5-E3AFE5BF99B6}.Ad-Hoc|Any CPU.ActiveCfg = Debug|Any CPU
		{9F53EFB3-1BCD-45CB-87B5-E3AFE5BF99B6}.Ad-Hoc|Any CPU.Build.0 = Debug|Any CPU
		{9F53EFB3-1BCD-45CB-87B5-E3AFE5BF99B6}.Ad-Hoc|Any CPU.Deploy.0 = Debug|Any CPU
		{9F53EFB3-1BCD-45CB-87B5-E3AFE5BF99B6}.Ad-Hoc|iPhone.ActiveCfg = Debug|Any CPU
		{9F53EFB3-1BCD-45CB-87B5-E3AFE5BF99B6}.Ad-Hoc|iPhone.Build.0 = Debug|Any CPU
		{9F53EFB3-1BCD-45CB-87B5-E3AFE5BF99B6}.Ad-Hoc|iPhone.Deploy.0 = Debug|Any CPU
		{9F53EFB3-1BCD-45CB-87B5-E3AFE5BF99B6}.Ad-Hoc|iPhoneSimulator.ActiveCfg = Debug|Any CPU
		{9F53EFB3-1BCD-45CB-87B5-E3AFE5BF99B6}.Ad-Hoc|iPhoneSimulator.Build.0 = Debug|Any CPU
		{9F53EFB3-1BCD-45CB-87B5-E3AFE5BF99B6}.Ad-Hoc|iPhoneSimulator.Deploy.0 = Debug|Any CPU
		{9F53EFB3-1BCD-45CB-87B5-E3AFE5BF99B6}.AppStore|Any CPU.ActiveCfg = Debug|Any CPU
		{9F53EFB3-1BCD-45CB-87B5-E3AFE5BF99B6}.AppStore|Any CPU.Build.0 = Debug|Any CPU
		{9F53EFB3-1BCD-45CB-87B5-E3AFE5BF99B6}.AppStore|Any CPU.Deploy.0 = Debug|Any CPU
		{9F53EFB3-1BCD-45CB-87B5-E3AFE5BF99B6}.AppStore|iPhone.ActiveCfg = Debug|Any CPU
		{9F53EFB3-1BCD-45CB-87B5-E3AFE5BF99B6}.AppStore|iPhone.Build.0 = Debug|Any CPU
		{9F53EFB3-1BCD-45CB-87B5-E3AFE5BF99B6}.AppStore|iPhone.Deploy.0 = Debug|Any CPU
		{9F53EFB3-1BCD-45CB-87B5-E3AFE5BF99B6}.AppStore|iPhoneSimulator.ActiveCfg = Debug|Any CPU
		{9F53EFB3-1BCD-45CB-87B5-E3AFE5BF99B6}.AppStore|iPhoneSimulator.Build.0 = Debug|Any CPU
		{9F53EFB3-1BCD-45CB-87B5-E3AFE5BF99B6}.AppStore|iPhoneSimulator.Deploy.0 = Debug|Any CPU
		{9F53EFB3-1BCD-45CB-87B5-E3AFE5BF99B6}.Debug|Any CPU.ActiveCfg = Debug|Any CPU
		{9F53EFB3-1BCD-45CB-87B5-E3AFE5BF99B6}.Debug|Any CPU.Build.0 = Debug|Any CPU
		{9F53EFB3-1BCD-45CB-87B5-E3AFE5BF99B6}.Debug|Any CPU.Deploy.0 = Debug|Any CPU
		{9F53EFB3-1BCD-45CB-87B5-E3AFE5BF99B6}.Debug|iPhone.ActiveCfg = Debug|Any CPU
		{9F53EFB3-1BCD-45CB-87B5-E3AFE5BF99B6}.Debug|iPhone.Build.0 = Debug|Any CPU
		{9F53EFB3-1BCD-45CB-87B5-E3AFE5BF99B6}.Debug|iPhone.Deploy.0 = Debug|Any CPU
		{9F53EFB3-1BCD-45CB-87B5-E3AFE5BF99B6}.Debug|iPhoneSimulator.ActiveCfg = Debug|Any CPU
		{9F53EFB3-1BCD-45CB-87B5-E3AFE5BF99B6}.Debug|iPhoneSimulator.Build.0 = Debug|Any CPU
		{9F53EFB3-1BCD-45CB-87B5-E3AFE5BF99B6}.Debug|iPhoneSimulator.Deploy.0 = Debug|Any CPU
		{9F53EFB3-1BCD-45CB-87B5-E3AFE5BF99B6}.Release|Any CPU.ActiveCfg = Release|Any CPU
		{9F53EFB3-1BCD-45CB-87B5-E3AFE5BF99B6}.Release|Any CPU.Build.0 = Release|Any CPU
		{9F53EFB3-1BCD-45CB-87B5-E3AFE5BF99B6}.Release|Any CPU.Deploy.0 = Release|Any CPU
		{9F53EFB3-1BCD-45CB-87B5-E3AFE5BF99B6}.Release|iPhone.ActiveCfg = Release|Any CPU
		{9F53EFB3-1BCD-45CB-87B5-E3AFE5BF99B6}.Release|iPhone.Build.0 = Release|Any CPU
		{9F53EFB3-1BCD-45CB-87B5-E3AFE5BF99B6}.Release|iPhone.Deploy.0 = Release|Any CPU
		{9F53EFB3-1BCD-45CB-87B5-E3AFE5BF99B6}.Release|iPhoneSimulator.ActiveCfg = Release|Any CPU
		{9F53EFB3-1BCD-45CB-87B5-E3AFE5BF99B6}.Release|iPhoneSimulator.Build.0 = Release|Any CPU
		{9F53EFB3-1BCD-45CB-87B5-E3AFE5BF99B6}.Release|iPhoneSimulator.Deploy.0 = Release|Any CPU
	EndGlobalSection
	GlobalSection(SolutionProperties) = preSolution
		HideSolutionNode = FALSE
	EndGlobalSection
	GlobalSection(ExtensibilityGlobals) = postSolution
		SolutionGuid = {ACB05A86-B962-4335-9BBD-E871D843F4F5}
	EndGlobalSection
EndGlobal
